
Microsoft Visual Studio Solution File, Format Version 11.00
# Visual Studio 2010
Project("{FAE04EC0-301F-11D3-BF4B-00C04F79EFBC}") = "game", "game\game.csproj", "{59F3B2DE-2F7E-4A41-BF0E-91C004EE8CDF}"
EndProject
Global
	GlobalSection(SolutionConfigurationPlatforms) = preSolution
		Debug|x86 = Debug|x86
		Release|x86 = Release|x86
	EndGlobalSection
	GlobalSection(ProjectConfigurationPlatforms) = postSolution
		{59F3B2DE-2F7E-4A41-BF0E-91C004EE8CDF}.Debug|x86.ActiveCfg = Debug|x86
		{59F3B2DE-2F7E-4A41-BF0E-91C004EE8CDF}.Debug|x86.Build.0 = Debug|x86
		{59F3B2DE-2F7E-4A41-BF0E-91C004EE8CDF}.Release|x86.ActiveCfg = Release|x86
		{59F3B2DE-2F7E-4A41-BF0E-91C004EE8CDF}.Release|x86.Build.0 = Release|x86
	EndGlobalSection
	GlobalSection(SolutionProperties) = preSolution
		HideSolutionNode = FALSE
	EndGlobalSection
EndGlobal
